// !$*UTF8*$!
{
	archiveVersion = 1;
	classes = {
	};
	objectVersion = 50;
	objects = {

/* Begin PBXBuildFile section */
		6B643E0A254DB221005D74DF /* AppDelegate.m in Sources */ = {isa = PBXBuildFile; fileRef = 6B643E09254DB221005D74DF /* AppDelegate.m */; };
		6B643E13254DB221005D74DF /* IOSExercises.xcdatamodeld in Sources */ = {isa = PBXBuildFile; fileRef = 6B643E11254DB221005D74DF /* IOSExercises.xcdatamodeld */; };
		6B643E15254DB223005D74DF /* Assets.xcassets in Resources */ = {isa = PBXBuildFile; fileRef = 6B643E14254DB223005D74DF /* Assets.xcassets */; };
		6B643E18254DB223005D74DF /* LaunchScreen.storyboard in Resources */ = {isa = PBXBuildFile; fileRef = 6B643E16254DB223005D74DF /* LaunchScreen.storyboard */; };
		6B643E1B254DB223005D74DF /* main.m in Sources */ = {isa = PBXBuildFile; fileRef = 6B643E1A254DB223005D74DF /* main.m */; };
		6B643E33254DBF40005D74DF /* ProfileViewController.m in Sources */ = {isa = PBXBuildFile; fileRef = 6B643E31254DBF40005D74DF /* ProfileViewController.m */; };
		6BA7F80825506B4D00114431 /* placeholder.jpg in Resources */ = {isa = PBXBuildFile; fileRef = 6BA7F80725506B4D00114431 /* placeholder.jpg */; };
		6BA7F8182550730300114431 /* ProfileViewController.xib in Resources */ = {isa = PBXBuildFile; fileRef = 6BA7F81A2550730300114431 /* ProfileViewController.xib */; };
		6BE65C9325526A3000EC250D /* LocaleManager.m in Sources */ = {isa = PBXBuildFile; fileRef = 6BE65C9225526A3000EC250D /* LocaleManager.m */; };
/* End PBXBuildFile section */

/* Begin PBXFileReference section */
		6B643E05254DB221005D74DF /* IOSExercises.app */ = {isa = PBXFileReference; explicitFileType = wrapper.application; includeInIndex = 0; path = IOSExercises.app; sourceTree = BUILT_PRODUCTS_DIR; };
		6B643E08254DB221005D74DF /* AppDelegate.h */ = {isa = PBXFileReference; lastKnownFileType = sourcecode.c.h; path = AppDelegate.h; sourceTree = "<group>"; };
		6B643E09254DB221005D74DF /* AppDelegate.m */ = {isa = PBXFileReference; lastKnownFileType = sourcecode.c.objc; path = AppDelegate.m; sourceTree = "<group>"; };
		6B643E12254DB221005D74DF /* IOSExercises.xcdatamodel */ = {isa = PBXFileReference; lastKnownFileType = wrapper.xcdatamodel; path = IOSExercises.xcdatamodel; sourceTree = "<group>"; };
		6B643E14254DB223005D74DF /* Assets.xcassets */ = {isa = PBXFileReference; lastKnownFileType = folder.assetcatalog; path = Assets.xcassets; sourceTree = "<group>"; };
		6B643E17254DB223005D74DF /* Base */ = {isa = PBXFileReference; lastKnownFileType = file.storyboard; name = Base; path = Base.lproj/LaunchScreen.storyboard; sourceTree = "<group>"; };
		6B643E19254DB223005D74DF /* Info.plist */ = {isa = PBXFileReference; lastKnownFileType = text.plist.xml; path = Info.plist; sourceTree = "<group>"; };
		6B643E1A254DB223005D74DF /* main.m */ = {isa = PBXFileReference; lastKnownFileType = sourcecode.c.objc; path = main.m; sourceTree = "<group>"; };
		6B643E30254DBF40005D74DF /* ProfileViewController.h */ = {isa = PBXFileReference; lastKnownFileType = sourcecode.c.h; path = ProfileViewController.h; sourceTree = "<group>"; };
		6B643E31254DBF40005D74DF /* ProfileViewController.m */ = {isa = PBXFileReference; lastKnownFileType = sourcecode.c.objc; path = ProfileViewController.m; sourceTree = "<group>"; };
		6BA7870A2551459000BBE3A8 /* ar */ = {isa = PBXFileReference; lastKnownFileType = text.plist.strings; name = ar; path = ar.lproj/ProfileViewController.strings; sourceTree = "<group>"; };
		6BA7F80725506B4D00114431 /* placeholder.jpg */ = {isa = PBXFileReference; lastKnownFileType = image.jpeg; path = placeholder.jpg; sourceTree = "<group>"; };
		6BA7F8192550730300114431 /* Base */ = {isa = PBXFileReference; lastKnownFileType = file.xib; name = Base; path = Base.lproj/ProfileViewController.xib; sourceTree = "<group>"; };
		6BA7F828255073B100114431 /* en */ = {isa = PBXFileReference; lastKnownFileType = text.plist.strings; name = en; path = en.lproj/ProfileViewController.strings; sourceTree = "<group>"; };
		6BA7F82C255073B800114431 /* ko */ = {isa = PBXFileReference; lastKnownFileType = text.plist.strings; name = ko; path = ko.lproj/ProfileViewController.strings; sourceTree = "<group>"; };
		6BA7F82D2550743200114431 /* es */ = {isa = PBXFileReference; lastKnownFileType = text.plist.strings; name = es; path = es.lproj/ProfileViewController.strings; sourceTree = "<group>"; };
		6BE65C9225526A3000EC250D /* LocaleManager.m */ = {isa = PBXFileReference; lastKnownFileType = sourcecode.c.objc; path = LocaleManager.m; sourceTree = "<group>"; };
		6BE65C9425526A4C00EC250D /* LocaleManager.h */ = {isa = PBXFileReference; lastKnownFileType = sourcecode.c.h; path = LocaleManager.h; sourceTree = "<group>"; };
		6BE65C95255286F300EC250D /* ja */ = {isa = PBXFileReference; lastKnownFileType = text.plist.strings; name = ja; path = ja.lproj/ProfileViewController.strings; sourceTree = "<group>"; };
/* End PBXFileReference section */

/* Begin PBXFrameworksBuildPhase section */
		6B643E02254DB221005D74DF /* Frameworks */ = {
			isa = PBXFrameworksBuildPhase;
			buildActionMask = 2147483647;
			files = (
			);
			runOnlyForDeploymentPostprocessing = 0;
		};
/* End PBXFrameworksBuildPhase section */

/* Begin PBXGroup section */
		6B643DFC254DB221005D74DF = {
			isa = PBXGroup;
			children = (
				6B643E07254DB221005D74DF /* IOSExercises */,
				6B643E06254DB221005D74DF /* Products */,
			);
			sourceTree = "<group>";
		};
		6B643E06254DB221005D74DF /* Products */ = {
			isa = PBXGroup;
			children = (
				6B643E05254DB221005D74DF /* IOSExercises.app */,
			);
			name = Products;
			sourceTree = "<group>";
		};
		6B643E07254DB221005D74DF /* IOSExercises */ = {
			isa = PBXGroup;
			children = (
				6BE65C90255269EB00EC250D /* Classes */,
				6B643E2A254DBEF8005D74DF /* Views */,
				6B643E22254DB4FF005D74DF /* Images */,
				6B643E08254DB221005D74DF /* AppDelegate.h */,
				6B643E09254DB221005D74DF /* AppDelegate.m */,
				6B643E14254DB223005D74DF /* Assets.xcassets */,
				6B643E16254DB223005D74DF /* LaunchScreen.storyboard */,
				6B643E19254DB223005D74DF /* Info.plist */,
				6B643E1A254DB223005D74DF /* main.m */,
				6B643E11254DB221005D74DF /* IOSExercises.xcdatamodeld */,
			);
			path = IOSExercises;
			sourceTree = "<group>";
		};
		6B643E22254DB4FF005D74DF /* Images */ = {
			isa = PBXGroup;
			children = (
				6BA7F80725506B4D00114431 /* placeholder.jpg */,
			);
			path = Images;
			sourceTree = "<group>";
		};
		6B643E2A254DBEF8005D74DF /* Views */ = {
			isa = PBXGroup;
			children = (
				6B643E30254DBF40005D74DF /* ProfileViewController.h */,
				6B643E31254DBF40005D74DF /* ProfileViewController.m */,
				6BA7F81A2550730300114431 /* ProfileViewController.xib */,
			);
			path = Views;
			sourceTree = "<group>";
		};
		6BE65C90255269EB00EC250D /* Classes */ = {
			isa = PBXGroup;
			children = (
				6BE65C9225526A3000EC250D /* LocaleManager.m */,
				6BE65C9425526A4C00EC250D /* LocaleManager.h */,
			);
			path = Classes;
			sourceTree = "<group>";
		};
/* End PBXGroup section */

/* Begin PBXNativeTarget section */
		6B643E04254DB221005D74DF /* IOSExercises */ = {
			isa = PBXNativeTarget;
			buildConfigurationList = 6B643E1E254DB223005D74DF /* Build configuration list for PBXNativeTarget "IOSExercises" */;
			buildPhases = (
				6B643E01254DB221005D74DF /* Sources */,
				6B643E02254DB221005D74DF /* Frameworks */,
				6B643E03254DB221005D74DF /* Resources */,
			);
			buildRules = (
			);
			dependencies = (
			);
			name = IOSExercises;
			productName = IOSExercises;
			productReference = 6B643E05254DB221005D74DF /* IOSExercises.app */;
			productType = "com.apple.product-type.application";
		};
/* End PBXNativeTarget section */

/* Begin PBXProject section */
		6B643DFD254DB221005D74DF /* Project object */ = {
			isa = PBXProject;
			attributes = {
				LastUpgradeCheck = 1020;
				ORGANIZATIONNAME = "Arnold Joseph Caesar Esteban";
				TargetAttributes = {
					6B643E04254DB221005D74DF = {
						CreatedOnToolsVersion = 10.2.1;
					};
				};
			};
			buildConfigurationList = 6B643E00254DB221005D74DF /* Build configuration list for PBXProject "IOSExercises" */;
			compatibilityVersion = "Xcode 9.3";
			developmentRegion = en;
			hasScannedForEncodings = 0;
			knownRegions = (
				en,
				Base,
				ko,
				es,
				ar,
				ja,
			);
			mainGroup = 6B643DFC254DB221005D74DF;
			productRefGroup = 6B643E06254DB221005D74DF /* Products */;
			projectDirPath = "";
			projectRoot = "";
			targets = (
				6B643E04254DB221005D74DF /* IOSExercises */,
			);
		};
/* End PBXProject section */

/* Begin PBXResourcesBuildPhase section */
		6B643E03254DB221005D74DF /* Resources */ = {
			isa = PBXResourcesBuildPhase;
			buildActionMask = 2147483647;
			files = (
				6B643E18254DB223005D74DF /* LaunchScreen.storyboard in Resources */,
				6B643E15254DB223005D74DF /* Assets.xcassets in Resources */,
				6BA7F8182550730300114431 /* ProfileViewController.xib in Resources */,
				6BA7F80825506B4D00114431 /* placeholder.jpg in Resources */,
			);
			runOnlyForDeploymentPostprocessing = 0;
		};
/* End PBXResourcesBuildPhase section */

/* Begin PBXSourcesBuildPhase section */
		6B643E01254DB221005D74DF /* Sources */ = {
			isa = PBXSourcesBuildPhase;
			buildActionMask = 2147483647;
			files = (
				6B643E0A254DB221005D74DF /* AppDelegate.m in Sources */,
				6BE65C9325526A3000EC250D /* LocaleManager.m in Sources */,
				6B643E1B254DB223005D74DF /* main.m in Sources */,
				6B643E33254DBF40005D74DF /* ProfileViewController.m in Sources */,
				6B643E13254DB221005D74DF /* IOSExercises.xcdatamodeld in Sources */,
			);
			runOnlyForDeploymentPostprocessing = 0;
		};
/* End PBXSourcesBuildPhase section */

/* Begin PBXVariantGroup section */
		6B643E16254DB223005D74DF /* LaunchScreen.storyboard */ = {
			isa = PBXVariantGroup;
			children = (
				6B643E17254DB223005D74DF /* Base */,
			);
			name = LaunchScreen.storyboard;
			sourceTree = "<group>";
		};
		6BA7F81A2550730300114431 /* ProfileViewController.xib */ = {
			isa = PBXVariantGroup;
			children = (
				6BA7F8192550730300114431 /* Base */,
				6BA7F828255073B100114431 /* en */,
				6BA7F82C255073B800114431 /* ko */,
				6BA7F82D2550743200114431 /* es */,
				6BA7870A2551459000BBE3A8 /* ar */,
				6BE65C95255286F300EC250D /* ja */,
			);
			name = ProfileViewController.xib;
			sourceTree = "<group>";
		};
/* End PBXVariantGroup section */

/* Begin XCBuildConfiguration section */
		6B643E1C254DB223005D74DF /* Debug */ = {
			isa = XCBuildConfiguration;
			buildSettings = {
				ALWAYS_SEARCH_USER_PATHS = NO;
				CLANG_ANALYZER_LOCALIZABILITY_NONLOCALIZED = YES;
				CLANG_ANALYZER_NONNULL = YES;
				CLANG_ANALYZER_NUMBER_OBJECT_CONVERSION = YES_AGGRESSIVE;
				CLANG_CXX_LANGUAGE_STANDARD = "gnu++14";
				CLANG_CXX_LIBRARY = "libc++";
				CLANG_ENABLE_MODULES = YES;
				CLANG_ENABLE_OBJC_ARC = YES;
				CLANG_ENABLE_OBJC_WEAK = YES;
				CLANG_WARN_BLOCK_CAPTURE_AUTORELEASING = YES;
				CLANG_WARN_BOOL_CONVERSION = YES;
				CLANG_WARN_COMMA = YES;
				CLANG_WARN_CONSTANT_CONVERSION = YES;
				CLANG_WARN_DEPRECATED_OBJC_IMPLEMENTATIONS = YES;
				CLANG_WARN_DIRECT_OBJC_ISA_USAGE = YES_ERROR;
				CLANG_WARN_DOCUMENTATION_COMMENTS = YES;
				CLANG_WARN_EMPTY_BODY = YES;
				CLANG_WARN_ENUM_CONVERSION = YES;
				CLANG_WARN_INFINITE_RECURSION = YES;
				CLANG_WARN_INT_CONVERSION = YES;
				CLANG_WARN_NON_LITERAL_NULL_CONVERSION = YES;
				CLANG_WARN_OBJC_IMPLICIT_RETAIN_SELF = YES;
				CLANG_WARN_OBJC_LITERAL_CONVERSION = YES;
				CLANG_WARN_OBJC_ROOT_CLASS = YES_ERROR;
				CLANG_WARN_RANGE_LOOP_ANALYSIS = YES;
				CLANG_WARN_STRICT_PROTOTYPES = YES;
				CLANG_WARN_SUSPICIOUS_MOVE = YES;
				CLANG_WARN_UNGUARDED_AVAILABILITY = YES_AGGRESSIVE;
				CLANG_WARN_UNREACHABLE_CODE = YES;
				CLANG_WARN__DUPLICATE_METHOD_MATCH = YES;
				CODE_SIGN_IDENTITY = "iPhone Developer";
				COPY_PHASE_STRIP = NO;
				DEBUG_INFORMATION_FORMAT = dwarf;
				ENABLE_STRICT_OBJC_MSGSEND = YES;
				ENABLE_TESTABILITY = YES;
				GCC_C_LANGUAGE_STANDARD = gnu11;
				GCC_DYNAMIC_NO_PIC = NO;
				GCC_NO_COMMON_BLOCKS = YES;
				GCC_OPTIMIZATION_LEVEL = 0;
				GCC_PREPROCESSOR_DEFINITIONS = (
					"DEBUG=1",
					"$(inherited)",
				);
				GCC_WARN_64_TO_32_BIT_CONVERSION = YES;
				GCC_WARN_ABOUT_RETURN_TYPE = YES_ERROR;
				GCC_WARN_UNDECLARED_SELECTOR = YES;
				GCC_WARN_UNINITIALIZED_AUTOS = YES_AGGRESSIVE;
				GCC_WARN_UNUSED_FUNCTION = YES;
				GCC_WARN_UNUSED_VARIABLE = YES;
				IPHONEOS_DEPLOYMENT_TARGET = 13.7;
				MTL_ENABLE_DEBUG_INFO = INCLUDE_SOURCE;
				MTL_FAST_MATH = YES;
				ONLY_ACTIVE_ARCH = YES;
				SDKROOT = iphoneos;
			};
			name = Debug;
		};
		6B643E1D254DB223005D74DF /* Release */ = {
			isa = XCBuildConfiguration;
			buildSettings = {
				ALWAYS_SEARCH_USER_PATHS = NO;
				CLANG_ANALYZER_LOCALIZABILITY_NONLOCALIZED = YES;
				CLANG_ANALYZER_NONNULL = YES;
				CLANG_ANALYZER_NUMBER_OBJECT_CONVERSION = YES_AGGRESSIVE;
				CLANG_CXX_LANGUAGE_STANDARD = "gnu++14";
				CLANG_CXX_LIBRARY = "libc++";
				CLANG_ENABLE_MODULES = YES;
				CLANG_ENABLE_OBJC_ARC = YES;
				CLANG_ENABLE_OBJC_WEAK = YES;
				CLANG_WARN_BLOCK_CAPTURE_AUTORELEASING = YES;
				CLANG_WARN_BOOL_CONVERSION = YES;
				CLANG_WARN_COMMA = YES;
				CLANG_WARN_CONSTANT_CONVERSION = YES;
				CLANG_WARN_DEPRECATED_OBJC_IMPLEMENTATIONS = YES;
				CLANG_WARN_DIRECT_OBJC_ISA_USAGE = YES_ERROR;
				CLANG_WARN_DOCUMENTATION_COMMENTS = YES;
				CLANG_WARN_EMPTY_BODY = YES;
				CLANG_WARN_ENUM_CONVERSION = YES;
				CLANG_WARN_INFINITE_RECURSION = YES;
				CLANG_WARN_INT_CONVERSION = YES;
				CLANG_WARN_NON_LITERAL_NULL_CONVERSION = YES;
				CLANG_WARN_OBJC_IMPLICIT_RETAIN_SELF = YES;
				CLANG_WARN_OBJC_LITERAL_CONVERSION = YES;
				CLANG_WARN_OBJC_ROOT_CLASS = YES_ERROR;
				CLANG_WARN_RANGE_LOOP_ANALYSIS = YES;
				CLANG_WARN_STRICT_PROTOTYPES = YES;
				CLANG_WARN_SUSPICIOUS_MOVE = YES;
				CLANG_WARN_UNGUARDED_AVAILABILITY = YES_AGGRESSIVE;
				CLANG_WARN_UNREACHABLE_CODE = YES;
				CLANG_WARN__DUPLICATE_METHOD_MATCH = YES;
				CODE_SIGN_IDENTITY = "iPhone Developer";
				COPY_PHASE_STRIP = NO;
				DEBUG_INFORMATION_FORMAT = "dwarf-with-dsym";
				ENABLE_NS_ASSERTIONS = NO;
				ENABLE_STRICT_OBJC_MSGSEND = YES;
				GCC_C_LANGUAGE_STANDARD = gnu11;
				GCC_NO_COMMON_BLOCKS = YES;
				GCC_WARN_64_TO_32_BIT_CONVERSION = YES;
				GCC_WARN_ABOUT_RETURN_TYPE = YES_ERROR;
				GCC_WARN_UNDECLARED_SELECTOR = YES;
				GCC_WARN_UNINITIALIZED_AUTOS = YES_AGGRESSIVE;
				GCC_WARN_UNUSED_FUNCTION = YES;
				GCC_WARN_UNUSED_VARIABLE = YES;
				IPHONEOS_DEPLOYMENT_TARGET = 13.7;
				MTL_ENABLE_DEBUG_INFO = NO;
				MTL_FAST_MATH = YES;
				SDKROOT = iphoneos;
				VALIDATE_PRODUCT = YES;
			};
			name = Release;
		};
		6B643E1F254DB223005D74DF /* Debug */ = {
			isa = XCBuildConfiguration;
			buildSettings = {
				ASSETCATALOG_COMPILER_APPICON_NAME = AppIcon;
				CODE_SIGN_STYLE = Automatic;
				INFOPLIST_FILE = IOSExercises/Info.plist;
				LD_RUNPATH_SEARCH_PATHS = (
					"$(inherited)",
					"@executable_path/Frameworks",
				);
				PRODUCT_BUNDLE_IDENTIFIER = com.azeus.aesteban.IOSExercises;
				PRODUCT_NAME = "$(TARGET_NAME)";
				TARGETED_DEVICE_FAMILY = "1,2";
			};
			name = Debug;
		};
		6B643E20254DB223005D74DF /* Release */ = {
			isa = XCBuildConfiguration;
			buildSettings = {
				ASSETCATALOG_COMPILER_APPICON_NAME = AppIcon;
				CODE_SIGN_STYLE = Automatic;
				INFOPLIST_FILE = IOSExercises/Info.plist;
				LD_RUNPATH_SEARCH_PATHS = (
					"$(inherited)",
					"@executable_path/Frameworks",
				);
				PRODUCT_BUNDLE_IDENTIFIER = com.azeus.aesteban.IOSExercises;
				PRODUCT_NAME = "$(TARGET_NAME)";
				TARGETED_DEVICE_FAMILY = "1,2";
			};
			name = Release;
		};
/* End XCBuildConfiguration section */

/* Begin XCConfigurationList section */
		6B643E00254DB221005D74DF /* Build configuration list for PBXProject "IOSExercises" */ = {
			isa = XCConfigurationList;
			buildConfigurations = (
				6B643E1C254DB223005D74DF /* Debug */,
				6B643E1D254DB223005D74DF /* Release */,
			);
			defaultConfigurationIsVisible = 0;
			defaultConfigurationName = Release;
		};
		6B643E1E254DB223005D74DF /* Build configuration list for PBXNativeTarget "IOSExercises" */ = {
			isa = XCConfigurationList;
			buildConfigurations = (
				6B643E1F254DB223005D74DF /* Debug */,
				6B643E20254DB223005D74DF /* Release */,
			);
			defaultConfigurationIsVisible = 0;
			defaultConfigurationName = Release;
		};
/* End XCConfigurationList section */

/* Begin XCVersionGroup section */
		6B643E11254DB221005D74DF /* IOSExercises.xcdatamodeld */ = {
			isa = XCVersionGroup;
			children = (
				6B643E12254DB221005D74DF /* IOSExercises.xcdatamodel */,
			);
			currentVersion = 6B643E12254DB221005D74DF /* IOSExercises.xcdatamodel */;
			path = IOSExercises.xcdatamodeld;
			sourceTree = "<group>";
			versionGroupType = wrapper.xcdatamodel;
		};
/* End XCVersionGroup section */
	};
	rootObject = 6B643DFD254DB221005D74DF /* Project object */;
}
